
Microsoft Visual Studio Solution File, Format Version 12.00
# Visual Studio 14
VisualStudioVersion = 14.0.24720.0
MinimumVisualStudioVersion = 10.0.40219.1
Project("{FAE04EC0-301F-11D3-BF4B-00C04F79EFBC}") = "Logic", "Logic\Logic.csproj", "{BC442BF3-8A5A-47D4-9F3A-F6CED234E242}"
EndProject
Project("{FAE04EC0-301F-11D3-BF4B-00C04F79EFBC}") = "NewtonCA", "NewtonCA\NewtonCA.csproj", "{35765D60-219A-47DD-85E4-78D6F04296BB}"
EndProject
Project("{FAE04EC0-301F-11D3-BF4B-00C04F79EFBC}") = "ArrayCA", "ArrayCA\ArrayCA.csproj", "{A0FB0A01-A457-4AF3-B4E4-FBDC6B4A3BA5}"
EndProject
Project("{FAE04EC0-301F-11D3-BF4B-00C04F79EFBC}") = "SortTest", "SortTest\SortTest.csproj", "{F9B769BF-118F-4042-9D98-4E2D13E5DA66}"
EndProject
Global
	GlobalSection(SolutionConfigurationPlatforms) = preSolution
		Debug|Any CPU = Debug|Any CPU
		Release|Any CPU = Release|Any CPU
	EndGlobalSection
	GlobalSection(ProjectConfigurationPlatforms) = postSolution
		{BC442BF3-8A5A-47D4-9F3A-F6CED234E242}.Debug|Any CPU.ActiveCfg = Debug|Any CPU
		{BC442BF3-8A5A-47D4-9F3A-F6CED234E242}.Debug|Any CPU.Build.0 = Debug|Any CPU
		{BC442BF3-8A5A-47D4-9F3A-F6CED234E242}.Release|Any CPU.ActiveCfg = Release|Any CPU
		{BC442BF3-8A5A-47D4-9F3A-F6CED234E242}.Release|Any CPU.Build.0 = Release|Any CPU
		{35765D60-219A-47DD-85E4-78D6F04296BB}.Debug|Any CPU.ActiveCfg = Debug|Any CPU
		{35765D60-219A-47DD-85E4-78D6F04296BB}.Debug|Any CPU.Build.0 = Debug|Any CPU
		{35765D60-219A-47DD-85E4-78D6F04296BB}.Release|Any CPU.ActiveCfg = Release|Any CPU
		{35765D60-219A-47DD-85E4-78D6F04296BB}.Release|Any CPU.Build.0 = Release|Any CPU
		{A0FB0A01-A457-4AF3-B4E4-FBDC6B4A3BA5}.Debug|Any CPU.ActiveCfg = Debug|Any CPU
		{A0FB0A01-A457-4AF3-B4E4-FBDC6B4A3BA5}.Debug|Any CPU.Build.0 = Debug|Any CPU
		{A0FB0A01-A457-4AF3-B4E4-FBDC6B4A3BA5}.Release|Any CPU.ActiveCfg = Release|Any CPU
		{A0FB0A01-A457-4AF3-B4E4-FBDC6B4A3BA5}.Release|Any CPU.Build.0 = Release|Any CPU
		{F9B769BF-118F-4042-9D98-4E2D13E5DA66}.Debug|Any CPU.ActiveCfg = Debug|Any CPU
		{F9B769BF-118F-4042-9D98-4E2D13E5DA66}.Debug|Any CPU.Build.0 = Debug|Any CPU
		{F9B769BF-118F-4042-9D98-4E2D13E5DA66}.Release|Any CPU.ActiveCfg = Release|Any CPU
		{F9B769BF-118F-4042-9D98-4E2D13E5DA66}.Release|Any CPU.Build.0 = Release|Any CPU
	EndGlobalSection
	GlobalSection(SolutionProperties) = preSolution
		HideSolutionNode = FALSE
	EndGlobalSection
EndGlobal
